
Microsoft Visual Studio Solution File, Format Version 12.00
# Visual Studio Version 17
VisualStudioVersion = 17.14.36603.0
MinimumVisualStudioVersion = 10.0.40219.1
Project("{FAE04EC0-301F-11D3-BF4B-00C04F79EFBC}") = "SOSGame", "SOSGame\SOSGame.csproj", "{68CFBDC9-E381-4E7B-9502-E4FEE62804D2}"
EndProject
Project("{FAE04EC0-301F-11D3-BF4B-00C04F79EFBC}") = "SOSGame.Tests", "SOSGame.Tests\SOSGame.Tests.csproj", "{3C2D298E-A56D-4DBA-9B52-7AA432656B42}"
EndProject
Global
	GlobalSection(SolutionConfigurationPlatforms) = preSolution
		Debug|Any CPU = Debug|Any CPU
		Debug|x64 = Debug|x64
		Debug|x86 = Debug|x86
		Release|Any CPU = Release|Any CPU
		Release|x64 = Release|x64
		Release|x86 = Release|x86
	EndGlobalSection
	GlobalSection(ProjectConfigurationPlatforms) = postSolution
		{68CFBDC9-E381-4E7B-9502-E4FEE62804D2}.Debug|Any CPU.ActiveCfg = Debug|Any CPU
		{68CFBDC9-E381-4E7B-9502-E4FEE62804D2}.Debug|Any CPU.Build.0 = Debug|Any CPU
		{68CFBDC9-E381-4E7B-9502-E4FEE62804D2}.Debug|x64.ActiveCfg = Debug|Any CPU
		{68CFBDC9-E381-4E7B-9502-E4FEE62804D2}.Debug|x64.Build.0 = Debug|Any CPU
		{68CFBDC9-E381-4E7B-9502-E4FEE62804D2}.Debug|x86.ActiveCfg = Debug|Any CPU
		{68CFBDC9-E381-4E7B-9502-E4FEE62804D2}.Debug|x86.Build.0 = Debug|Any CPU
		{68CFBDC9-E381-4E7B-9502-E4FEE62804D2}.Release|Any CPU.ActiveCfg = Release|Any CPU
		{68CFBDC9-E381-4E7B-9502-E4FEE62804D2}.Release|Any CPU.Build.0 = Release|Any CPU
		{68CFBDC9-E381-4E7B-9502-E4FEE62804D2}.Release|x64.ActiveCfg = Release|Any CPU
		{68CFBDC9-E381-4E7B-9502-E4FEE62804D2}.Release|x64.Build.0 = Release|Any CPU
		{68CFBDC9-E381-4E7B-9502-E4FEE62804D2}.Release|x86.ActiveCfg = Release|Any CPU
		{68CFBDC9-E381-4E7B-9502-E4FEE62804D2}.Release|x86.Build.0 = Release|Any CPU
		{3C2D298E-A56D-4DBA-9B52-7AA432656B42}.Debug|Any CPU.ActiveCfg = Debug|Any CPU
		{3C2D298E-A56D-4DBA-9B52-7AA432656B42}.Debug|Any CPU.Build.0 = Debug|Any CPU
		{3C2D298E-A56D-4DBA-9B52-7AA432656B42}.Debug|x64.ActiveCfg = Debug|Any CPU
		{3C2D298E-A56D-4DBA-9B52-7AA432656B42}.Debug|x64.Build.0 = Debug|Any CPU
		{3C2D298E-A56D-4DBA-9B52-7AA432656B42}.Debug|x86.ActiveCfg = Debug|Any CPU
		{3C2D298E-A56D-4DBA-9B52-7AA432656B42}.Debug|x86.Build.0 = Debug|Any CPU
		{3C2D298E-A56D-4DBA-9B52-7AA432656B42}.Release|Any CPU.ActiveCfg = Release|Any CPU
		{3C2D298E-A56D-4DBA-9B52-7AA432656B42}.Release|Any CPU.Build.0 = Release|Any CPU
		{3C2D298E-A56D-4DBA-9B52-7AA432656B42}.Release|x64.ActiveCfg = Release|Any CPU
		{3C2D298E-A56D-4DBA-9B52-7AA432656B42}.Release|x64.Build.0 = Release|Any CPU
		{3C2D298E-A56D-4DBA-9B52-7AA432656B42}.Release|x86.ActiveCfg = Release|Any CPU
		{3C2D298E-A56D-4DBA-9B52-7AA432656B42}.Release|x86.Build.0 = Release|Any CPU
	EndGlobalSection
	GlobalSection(SolutionProperties) = preSolution
		HideSolutionNode = FALSE
	EndGlobalSection
	GlobalSection(ExtensibilityGlobals) = postSolution
		SolutionGuid = {E608EC9F-A045-4B63-A8AB-A4CA5DEB0F84}
	EndGlobalSection
EndGlobal
